// !$*UTF8*$!
{
	archiveVersion = 1;
	classes = {
	};
	objectVersion = 50;
	objects = {

/* Begin PBXBuildFile section */
		A9832EE123E8CAE800B6F669 /* AppDelegate.swift in Sources */ = {isa = PBXBuildFile; fileRef = A9832EE023E8CAE800B6F669 /* AppDelegate.swift */; };
		A9832EE323E8CAE800B6F669 /* SceneDelegate.swift in Sources */ = {isa = PBXBuildFile; fileRef = A9832EE223E8CAE800B6F669 /* SceneDelegate.swift */; };
		A9832EE523E8CAE800B6F669 /* ViewController.swift in Sources */ = {isa = PBXBuildFile; fileRef = A9832EE423E8CAE800B6F669 /* ViewController.swift */; };
		A9832EE823E8CAE800B6F669 /* Main.storyboard in Resources */ = {isa = PBXBuildFile; fileRef = A9832EE623E8CAE800B6F669 /* Main.storyboard */; };
		A9832EEA23E8CAEA00B6F669 /* Assets.xcassets in Resources */ = {isa = PBXBuildFile; fileRef = A9832EE923E8CAEA00B6F669 /* Assets.xcassets */; };
		A9832EED23E8CAEA00B6F669 /* LaunchScreen.storyboard in Resources */ = {isa = PBXBuildFile; fileRef = A9832EEB23E8CAEA00B6F669 /* LaunchScreen.storyboard */; };
		A9832EF823E8CAEA00B6F669 /* QuizAppTests.swift in Sources */ = {isa = PBXBuildFile; fileRef = A9832EF723E8CAEA00B6F669 /* QuizAppTests.swift */; };
		A9832F0323E8CAEA00B6F669 /* QuizAppUITests.swift in Sources */ = {isa = PBXBuildFile; fileRef = A9832F0223E8CAEA00B6F669 /* QuizAppUITests.swift */; };
		A9832F1323EA2C6600B6F669 /* Question.swift in Sources */ = {isa = PBXBuildFile; fileRef = A9832F1223EA2C6600B6F669 /* Question.swift */; };
		A9832F1623EA31D100B6F669 /* Brain.swift in Sources */ = {isa = PBXBuildFile; fileRef = A9832F1523EA31D100B6F669 /* Brain.swift */; };
/* End PBXBuildFile section */

/* Begin PBXContainerItemProxy section */
		A9832EF423E8CAEA00B6F669 /* PBXContainerItemProxy */ = {
			isa = PBXContainerItemProxy;
			containerPortal = A9832ED523E8CAE800B6F669 /* Project object */;
			proxyType = 1;
			remoteGlobalIDString = A9832EDC23E8CAE800B6F669;
			remoteInfo = QuizApp;
		};
		A9832EFF23E8CAEA00B6F669 /* PBXContainerItemProxy */ = {
			isa = PBXContainerItemProxy;
			containerPortal = A9832ED523E8CAE800B6F669 /* Project object */;
			proxyType = 1;
			remoteGlobalIDString = A9832EDC23E8CAE800B6F669;
			remoteInfo = QuizApp;
		};
/* End PBXContainerItemProxy section */

/* Begin PBXFileReference section */
		A9832EDD23E8CAE800B6F669 /* QuizApp.app */ = {isa = PBXFileReference; explicitFileType = wrapper.application; includeInIndex = 0; path = QuizApp.app; sourceTree = BUILT_PRODUCTS_DIR; };
		A9832EE023E8CAE800B6F669 /* AppDelegate.swift */ = {isa = PBXFileReference; lastKnownFileType = sourcecode.swift; path = AppDelegate.swift; sourceTree = "<group>"; };
		A9832EE223E8CAE800B6F669 /* SceneDelegate.swift */ = {isa = PBXFileReference; lastKnownFileType = sourcecode.swift; path = SceneDelegate.swift; sourceTree = "<group>"; };
		A9832EE423E8CAE800B6F669 /* ViewController.swift */ = {isa = PBXFileReference; lastKnownFileType = sourcecode.swift; path = ViewController.swift; sourceTree = "<group>"; };
		A9832EE723E8CAE800B6F669 /* Base */ = {isa = PBXFileReference; lastKnownFileType = file.storyboard; name = Base; path = Base.lproj/Main.storyboard; sourceTree = "<group>"; };
		A9832EE923E8CAEA00B6F669 /* Assets.xcassets */ = {isa = PBXFileReference; lastKnownFileType = folder.assetcatalog; path = Assets.xcassets; sourceTree = "<group>"; };
		A9832EEC23E8CAEA00B6F669 /* Base */ = {isa = PBXFileReference; lastKnownFileType = file.storyboard; name = Base; path = Base.lproj/LaunchScreen.storyboard; sourceTree = "<group>"; };
		A9832EEE23E8CAEA00B6F669 /* Info.plist */ = {isa = PBXFileReference; lastKnownFileType = text.plist.xml; path = Info.plist; sourceTree = "<group>"; };
		A9832EF323E8CAEA00B6F669 /* QuizAppTests.xctest */ = {isa = PBXFileReference; explicitFileType = wrapper.cfbundle; includeInIndex = 0; path = QuizAppTests.xctest; sourceTree = BUILT_PRODUCTS_DIR; };
		A9832EF723E8CAEA00B6F669 /* QuizAppTests.swift */ = {isa = PBXFileReference; lastKnownFileType = sourcecode.swift; path = QuizAppTests.swift; sourceTree = "<group>"; };
		A9832EF923E8CAEA00B6F669 /* Info.plist */ = {isa = PBXFileReference; lastKnownFileType = text.plist.xml; path = Info.plist; sourceTree = "<group>"; };
		A9832EFE23E8CAEA00B6F669 /* QuizAppUITests.xctest */ = {isa = PBXFileReference; explicitFileType = wrapper.cfbundle; includeInIndex = 0; path = QuizAppUITests.xctest; sourceTree = BUILT_PRODUCTS_DIR; };
		A9832F0223E8CAEA00B6F669 /* QuizAppUITests.swift */ = {isa = PBXFileReference; lastKnownFileType = sourcecode.swift; path = QuizAppUITests.swift; sourceTree = "<group>"; };
		A9832F0423E8CAEA00B6F669 /* Info.plist */ = {isa = PBXFileReference; lastKnownFileType = text.plist.xml; path = Info.plist; sourceTree = "<group>"; };
		A9832F1223EA2C6600B6F669 /* Question.swift */ = {isa = PBXFileReference; lastKnownFileType = sourcecode.swift; path = Question.swift; sourceTree = "<group>"; };
		A9832F1523EA31D100B6F669 /* Brain.swift */ = {isa = PBXFileReference; lastKnownFileType = sourcecode.swift; path = Brain.swift; sourceTree = "<group>"; };
/* End PBXFileReference section */

/* Begin PBXFrameworksBuildPhase section */
		A9832EDA23E8CAE800B6F669 /* Frameworks */ = {
			isa = PBXFrameworksBuildPhase;
			buildActionMask = 2147483647;
			files = (
			);
			runOnlyForDeploymentPostprocessing = 0;
		};
		A9832EF023E8CAEA00B6F669 /* Frameworks */ = {
			isa = PBXFrameworksBuildPhase;
			buildActionMask = 2147483647;
			files = (
			);
			runOnlyForDeploymentPostprocessing = 0;
		};
		A9832EFB23E8CAEA00B6F669 /* Frameworks */ = {
			isa = PBXFrameworksBuildPhase;
			buildActionMask = 2147483647;
			files = (
			);
			runOnlyForDeploymentPostprocessing = 0;
		};
/* End PBXFrameworksBuildPhase section */

/* Begin PBXGroup section */
		A9832ED423E8CAE800B6F669 = {
			isa = PBXGroup;
			children = (
				A9832EDF23E8CAE800B6F669 /* QuizApp */,
				A9832EF623E8CAEA00B6F669 /* QuizAppTests */,
				A9832F0123E8CAEA00B6F669 /* QuizAppUITests */,
				A9832EDE23E8CAE800B6F669 /* Products */,
			);
			sourceTree = "<group>";
		};
		A9832EDE23E8CAE800B6F669 /* Products */ = {
			isa = PBXGroup;
			children = (
				A9832EDD23E8CAE800B6F669 /* QuizApp.app */,
				A9832EF323E8CAEA00B6F669 /* QuizAppTests.xctest */,
				A9832EFE23E8CAEA00B6F669 /* QuizAppUITests.xctest */,
			);
			name = Products;
			sourceTree = "<group>";
		};
		A9832EDF23E8CAE800B6F669 /* QuizApp */ = {
			isa = PBXGroup;
			children = (
				A9832EE023E8CAE800B6F669 /* AppDelegate.swift */,
				A9832EE223E8CAE800B6F669 /* SceneDelegate.swift */,
				A9832F1423EA2F4600B6F669 /* Model */,
				A9832F1123EA2C3900B6F669 /* Controller */,
				A9832F1023EA2C1700B6F669 /* View */,
				A9832EE923E8CAEA00B6F669 /* Assets.xcassets */,
				A9832EEB23E8CAEA00B6F669 /* LaunchScreen.storyboard */,
				A9832EEE23E8CAEA00B6F669 /* Info.plist */,
			);
			path = QuizApp;
			sourceTree = "<group>";
		};
		A9832EF623E8CAEA00B6F669 /* QuizAppTests */ = {
			isa = PBXGroup;
			children = (
				A9832EF723E8CAEA00B6F669 /* QuizAppTests.swift */,
				A9832EF923E8CAEA00B6F669 /* Info.plist */,
			);
			path = QuizAppTests;
			sourceTree = "<group>";
		};
		A9832F0123E8CAEA00B6F669 /* QuizAppUITests */ = {
			isa = PBXGroup;
			children = (
				A9832F0223E8CAEA00B6F669 /* QuizAppUITests.swift */,
				A9832F0423E8CAEA00B6F669 /* Info.plist */,
			);
			path = QuizAppUITests;
			sourceTree = "<group>";
		};
		A9832F1023EA2C1700B6F669 /* View */ = {
			isa = PBXGroup;
			children = (
				A9832EE623E8CAE800B6F669 /* Main.storyboard */,
			);
			path = View;
			sourceTree = "<group>";
		};
		A9832F1123EA2C3900B6F669 /* Controller */ = {
			isa = PBXGroup;
			children = (
				A9832EE423E8CAE800B6F669 /* ViewController.swift */,
			);
			path = Controller;
			sourceTree = "<group>";
		};
		A9832F1423EA2F4600B6F669 /* Model */ = {
			isa = PBXGroup;
			children = (
				A9832F1223EA2C6600B6F669 /* Question.swift */,
				A9832F1523EA31D100B6F669 /* Brain.swift */,
			);
			path = Model;
			sourceTree = "<group>";
		};
/* End PBXGroup section */

/* Begin PBXNativeTarget section */
		A9832EDC23E8CAE800B6F669 /* QuizApp */ = {
			isa = PBXNativeTarget;
			buildConfigurationList = A9832F0723E8CAEA00B6F669 /* Build configuration list for PBXNativeTarget "QuizApp" */;
			buildPhases = (
				A9832ED923E8CAE800B6F669 /* Sources */,
				A9832EDA23E8CAE800B6F669 /* Frameworks */,
				A9832EDB23E8CAE800B6F669 /* Resources */,
			);
			buildRules = (
			);
			dependencies = (
			);
			name = QuizApp;
			productName = QuizApp;
			productReference = A9832EDD23E8CAE800B6F669 /* QuizApp.app */;
			productType = "com.apple.product-type.application";
		};
		A9832EF223E8CAEA00B6F669 /* QuizAppTests */ = {
			isa = PBXNativeTarget;
			buildConfigurationList = A9832F0A23E8CAEA00B6F669 /* Build configuration list for PBXNativeTarget "QuizAppTests" */;
			buildPhases = (
				A9832EEF23E8CAEA00B6F669 /* Sources */,
				A9832EF023E8CAEA00B6F669 /* Frameworks */,
				A9832EF123E8CAEA00B6F669 /* Resources */,
			);
			buildRules = (
			);
			dependencies = (
				A9832EF523E8CAEA00B6F669 /* PBXTargetDependency */,
			);
			name = QuizAppTests;
			productName = QuizAppTests;
			productReference = A9832EF323E8CAEA00B6F669 /* QuizAppTests.xctest */;
			productType = "com.apple.product-type.bundle.unit-test";
		};
		A9832EFD23E8CAEA00B6F669 /* QuizAppUITests */ = {
			isa = PBXNativeTarget;
			buildConfigurationList = A9832F0D23E8CAEA00B6F669 /* Build configuration list for PBXNativeTarget "QuizAppUITests" */;
			buildPhases = (
				A9832EFA23E8CAEA00B6F669 /* Sources */,
				A9832EFB23E8CAEA00B6F669 /* Frameworks */,
				A9832EFC23E8CAEA00B6F669 /* Resources */,
			);
			buildRules = (
			);
			dependencies = (
				A9832F0023E8CAEA00B6F669 /* PBXTargetDependency */,
			);
			name = QuizAppUITests;
			productName = QuizAppUITests;
			productReference = A9832EFE23E8CAEA00B6F669 /* QuizAppUITests.xctest */;
			productType = "com.apple.product-type.bundle.ui-testing";
		};
/* End PBXNativeTarget section */

/* Begin PBXProject section */
		A9832ED523E8CAE800B6F669 /* Project object */ = {
			isa = PBXProject;
			attributes = {
				LastSwiftUpdateCheck = 1130;
				LastUpgradeCheck = 1130;
				ORGANIZATIONNAME = ryangadhi.com;
				TargetAttributes = {
					A9832EDC23E8CAE800B6F669 = {
						CreatedOnToolsVersion = 11.3.1;
					};
					A9832EF223E8CAEA00B6F669 = {
						CreatedOnToolsVersion = 11.3.1;
						TestTargetID = A9832EDC23E8CAE800B6F669;
					};
					A9832EFD23E8CAEA00B6F669 = {
						CreatedOnToolsVersion = 11.3.1;
						TestTargetID = A9832EDC23E8CAE800B6F669;
					};
				};
			};
			buildConfigurationList = A9832ED823E8CAE800B6F669 /* Build configuration list for PBXProject "QuizApp" */;
			compatibilityVersion = "Xcode 9.3";
			developmentRegion = en;
			hasScannedForEncodings = 0;
			knownRegions = (
				en,
				Base,
			);
			mainGroup = A9832ED423E8CAE800B6F669;
			productRefGroup = A9832EDE23E8CAE800B6F669 /* Products */;
			projectDirPath = "";
			projectRoot = "";
			targets = (
				A9832EDC23E8CAE800B6F669 /* QuizApp */,
				A9832EF223E8CAEA00B6F669 /* QuizAppTests */,
				A9832EFD23E8CAEA00B6F669 /* QuizAppUITests */,
			);
		};
/* End PBXProject section */

/* Begin PBXResourcesBuildPhase section */
		A9832EDB23E8CAE800B6F669 /* Resources */ = {
			isa = PBXResourcesBuildPhase;
			buildActionMask = 2147483647;
			files = (
				A9832EED23E8CAEA00B6F669 /* LaunchScreen.storyboard in Resources */,
				A9832EEA23E8CAEA00B6F669 /* Assets.xcassets in Resources */,
				A9832EE823E8CAE800B6F669 /* Main.storyboard in Resources */,
			);
			runOnlyForDeploymentPostprocessing = 0;
		};
		A9832EF123E8CAEA00B6F669 /* Resources */ = {
			isa = PBXResourcesBuildPhase;
			buildActionMask = 2147483647;
			files = (
			);
			runOnlyForDeploymentPostprocessing = 0;
		};
		A9832EFC23E8CAEA00B6F669 /* Resources */ = {
			isa = PBXResourcesBuildPhase;
			buildActionMask = 2147483647;
			files = (
			);
			runOnlyForDeploymentPostprocessing = 0;
		};
/* End PBXResourcesBuildPhase section */

/* Begin PBXSourcesBuildPhase section */
		A9832ED923E8CAE800B6F669 /* Sources */ = {
			isa = PBXSourcesBuildPhase;
			buildActionMask = 2147483647;
			files = (
				A9832EE523E8CAE800B6F669 /* ViewController.swift in Sources */,
				A9832F1323EA2C6600B6F669 /* Question.swift in Sources */,
				A9832EE123E8CAE800B6F669 /* AppDelegate.swift in Sources */,
				A9832F1623EA31D100B6F669 /* Brain.swift in Sources */,
				A9832EE323E8CAE800B6F669 /* SceneDelegate.swift in Sources */,
			);
			runOnlyForDeploymentPostprocessing = 0;
		};
		A9832EEF23E8CAEA00B6F669 /* Sources */ = {
			isa = PBXSourcesBuildPhase;
			buildActionMask = 2147483647;
			files = (
				A9832EF823E8CAEA00B6F669 /* QuizAppTests.swift in Sources */,
			);
			runOnlyForDeploymentPostprocessing = 0;
		};
		A9832EFA23E8CAEA00B6F669 /* Sources */ = {
			isa = PBXSourcesBuildPhase;
			buildActionMask = 2147483647;
			files = (
				A9832F0323E8CAEA00B6F669 /* QuizAppUITests.swift in Sources */,
			);
			runOnlyForDeploymentPostprocessing = 0;
		};
/* End PBXSourcesBuildPhase section */

/* Begin PBXTargetDependency section */
		A9832EF523E8CAEA00B6F669 /* PBXTargetDependency */ = {
			isa = PBXTargetDependency;
			target = A9832EDC23E8CAE800B6F669 /* QuizApp */;
			targetProxy = A9832EF423E8CAEA00B6F669 /* PBXContainerItemProxy */;
		};
		A9832F0023E8CAEA00B6F669 /* PBXTargetDependency */ = {
			isa = PBXTargetDependency;
			target = A9832EDC23E8CAE800B6F669 /* QuizApp */;
			targetProxy = A9832EFF23E8CAEA00B6F669 /* PBXContainerItemProxy */;
		};
/* End PBXTargetDependency section */

/* Begin PBXVariantGroup section */
		A9832EE623E8CAE800B6F669 /* Main.storyboard */ = {
			isa = PBXVariantGroup;
			children = (
				A9832EE723E8CAE800B6F669 /* Base */,
			);
			name = Main.storyboard;
			sourceTree = "<group>";
		};
		A9832EEB23E8CAEA00B6F669 /* LaunchScreen.storyboard */ = {
			isa = PBXVariantGroup;
			children = (
				A9832EEC23E8CAEA00B6F669 /* Base */,
			);
			name = LaunchScreen.storyboard;
			sourceTree = "<group>";
		};
/* End PBXVariantGroup section */

/* Begin XCBuildConfiguration section */
		A9832F0523E8CAEA00B6F669 /* Debug */ = {
			isa = XCBuildConfiguration;
			buildSettings = {
				ALWAYS_SEARCH_USER_PATHS = NO;
				CLANG_ANALYZER_NONNULL = YES;
				CLANG_ANALYZER_NUMBER_OBJECT_CONVERSION = YES_AGGRESSIVE;
				CLANG_CXX_LANGUAGE_STANDARD = "gnu++14";
				CLANG_CXX_LIBRARY = "libc++";
				CLANG_ENABLE_MODULES = YES;
				CLANG_ENABLE_OBJC_ARC = YES;
				CLANG_ENABLE_OBJC_WEAK = YES;
				CLANG_WARN_BLOCK_CAPTURE_AUTORELEASING = YES;
				CLANG_WARN_BOOL_CONVERSION = YES;
				CLANG_WARN_COMMA = YES;
				CLANG_WARN_CONSTANT_CONVERSION = YES;
				CLANG_WARN_DEPRECATED_OBJC_IMPLEMENTATIONS = YES;
				CLANG_WARN_DIRECT_OBJC_ISA_USAGE = YES_ERROR;
				CLANG_WARN_DOCUMENTATION_COMMENTS = YES;
				CLANG_WARN_EMPTY_BODY = YES;
				CLANG_WARN_ENUM_CONVERSION = YES;
				CLANG_WARN_INFINITE_RECURSION = YES;
				CLANG_WARN_INT_CONVERSION = YES;
				CLANG_WARN_NON_LITERAL_NULL_CONVERSION = YES;
				CLANG_WARN_OBJC_IMPLICIT_RETAIN_SELF = YES;
				CLANG_WARN_OBJC_LITERAL_CONVERSION = YES;
				CLANG_WARN_OBJC_ROOT_CLASS = YES_ERROR;
				CLANG_WARN_RANGE_LOOP_ANALYSIS = YES;
				CLANG_WARN_STRICT_PROTOTYPES = YES;
				CLANG_WARN_SUSPICIOUS_MOVE = YES;
				CLANG_WARN_UNGUARDED_AVAILABILITY = YES_AGGRESSIVE;
				CLANG_WARN_UNREACHABLE_CODE = YES;
				CLANG_WARN__DUPLICATE_METHOD_MATCH = YES;
				COPY_PHASE_STRIP = NO;
				DEBUG_INFORMATION_FORMAT = dwarf;
				ENABLE_STRICT_OBJC_MSGSEND = YES;
				ENABLE_TESTABILITY = YES;
				GCC_C_LANGUAGE_STANDARD = gnu11;
				GCC_DYNAMIC_NO_PIC = NO;
				GCC_NO_COMMON_BLOCKS = YES;
				GCC_OPTIMIZATION_LEVEL = 0;
				GCC_PREPROCESSOR_DEFINITIONS = (
					"DEBUG=1",
					"$(inherited)",
				);
				GCC_WARN_64_TO_32_BIT_CONVERSION = YES;
				GCC_WARN_ABOUT_RETURN_TYPE = YES_ERROR;
				GCC_WARN_UNDECLARED_SELECTOR = YES;
				GCC_WARN_UNINITIALIZED_AUTOS = YES_AGGRESSIVE;
				GCC_WARN_UNUSED_FUNCTION = YES;
				GCC_WARN_UNUSED_VARIABLE = YES;
				IPHONEOS_DEPLOYMENT_TARGET = 13.2;
				MTL_ENABLE_DEBUG_INFO = INCLUDE_SOURCE;
				MTL_FAST_MATH = YES;
				ONLY_ACTIVE_ARCH = YES;
				SDKROOT = iphoneos;
				SWIFT_ACTIVE_COMPILATION_CONDITIONS = DEBUG;
				SWIFT_OPTIMIZATION_LEVEL = "-Onone";
			};
			name = Debug;
		};
		A9832F0623E8CAEA00B6F669 /* Release */ = {
			isa = XCBuildConfiguration;
			buildSettings = {
				ALWAYS_SEARCH_USER_PATHS = NO;
				CLANG_ANALYZER_NONNULL = YES;
				CLANG_ANALYZER_NUMBER_OBJECT_CONVERSION = YES_AGGRESSIVE;
				CLANG_CXX_LANGUAGE_STANDARD = "gnu++14";
				CLANG_CXX_LIBRARY = "libc++";
				CLANG_ENABLE_MODULES = YES;
				CLANG_ENABLE_OBJC_ARC = YES;
				CLANG_ENABLE_OBJC_WEAK = YES;
				CLANG_WARN_BLOCK_CAPTURE_AUTORELEASING = YES;
				CLANG_WARN_BOOL_CONVERSION = YES;
				CLANG_WARN_COMMA = YES;
				CLANG_WARN_CONSTANT_CONVERSION = YES;
				CLANG_WARN_DEPRECATED_OBJC_IMPLEMENTATIONS = YES;
				CLANG_WARN_DIRECT_OBJC_ISA_USAGE = YES_ERROR;
				CLANG_WARN_DOCUMENTATION_COMMENTS = YES;
				CLANG_WARN_EMPTY_BODY = YES;
				CLANG_WARN_ENUM_CONVERSION = YES;
				CLANG_WARN_INFINITE_RECURSION = YES;
				CLANG_WARN_INT_CONVERSION = YES;
				CLANG_WARN_NON_LITERAL_NULL_CONVERSION = YES;
				CLANG_WARN_OBJC_IMPLICIT_RETAIN_SELF = YES;
				CLANG_WARN_OBJC_LITERAL_CONVERSION = YES;
				CLANG_WARN_OBJC_ROOT_CLASS = YES_ERROR;
				CLANG_WARN_RANGE_LOOP_ANALYSIS = YES;
				CLANG_WARN_STRICT_PROTOTYPES = YES;
				CLANG_WARN_SUSPICIOUS_MOVE = YES;
				CLANG_WARN_UNGUARDED_AVAILABILITY = YES_AGGRESSIVE;
				CLANG_WARN_UNREACHABLE_CODE = YES;
				CLANG_WARN__DUPLICATE_METHOD_MATCH = YES;
				COPY_PHASE_STRIP = NO;
				DEBUG_INFORMATION_FORMAT = "dwarf-with-dsym";
				ENABLE_NS_ASSERTIONS = NO;
				ENABLE_STRICT_OBJC_MSGSEND = YES;
				GCC_C_LANGUAGE_STANDARD = gnu11;
				GCC_NO_COMMON_BLOCKS = YES;
				GCC_WARN_64_TO_32_BIT_CONVERSION = YES;
				GCC_WARN_ABOUT_RETURN_TYPE = YES_ERROR;
				GCC_WARN_UNDECLARED_SELECTOR = YES;
				GCC_WARN_UNINITIALIZED_AUTOS = YES_AGGRESSIVE;
				GCC_WARN_UNUSED_FUNCTION = YES;
				GCC_WARN_UNUSED_VARIABLE = YES;
				IPHONEOS_DEPLOYMENT_TARGET = 13.2;
				MTL_ENABLE_DEBUG_INFO = NO;
				MTL_FAST_MATH = YES;
				SDKROOT = iphoneos;
				SWIFT_COMPILATION_MODE = wholemodule;
				SWIFT_OPTIMIZATION_LEVEL = "-O";
				VALIDATE_PRODUCT = YES;
			};
			name = Release;
		};
		A9832F0823E8CAEA00B6F669 /* Debug */ = {
			isa = XCBuildConfiguration;
			buildSettings = {
				ASSETCATALOG_COMPILER_APPICON_NAME = AppIcon;
				CODE_SIGN_STYLE = Automatic;
				DEVELOPMENT_TEAM = U7GKQ6GSRY;
				INFOPLIST_FILE = QuizApp/Info.plist;
				LD_RUNPATH_SEARCH_PATHS = (
					"$(inherited)",
					"@executable_path/Frameworks",
				);
				PRODUCT_BUNDLE_IDENTIFIER = com.ryanGadhi.quizapp.QuizApp;
				PRODUCT_NAME = "$(TARGET_NAME)";
				SWIFT_VERSION = 5.0;
				TARGETED_DEVICE_FAMILY = "1,2";
			};
			name = Debug;
		};
		A9832F0923E8CAEA00B6F669 /* Release */ = {
			isa = XCBuildConfiguration;
			buildSettings = {
				ASSETCATALOG_COMPILER_APPICON_NAME = AppIcon;
				CODE_SIGN_STYLE = Automatic;
				DEVELOPMENT_TEAM = U7GKQ6GSRY;
				INFOPLIST_FILE = QuizApp/Info.plist;
				LD_RUNPATH_SEARCH_PATHS = (
					"$(inherited)",
					"@executable_path/Frameworks",
				);
				PRODUCT_BUNDLE_IDENTIFIER = com.ryanGadhi.quizapp.QuizApp;
				PRODUCT_NAME = "$(TARGET_NAME)";
				SWIFT_VERSION = 5.0;
				TARGETED_DEVICE_FAMILY = "1,2";
			};
			name = Release;
		};
		A9832F0B23E8CAEA00B6F669 /* Debug */ = {
			isa = XCBuildConfiguration;
			buildSettings = {
				ALWAYS_EMBED_SWIFT_STANDARD_LIBRARIES = YES;
				BUNDLE_LOADER = "$(TEST_HOST)";
				CODE_SIGN_STYLE = Automatic;
				DEVELOPMENT_TEAM = U7GKQ6GSRY;
				INFOPLIST_FILE = QuizAppTests/Info.plist;
				IPHONEOS_DEPLOYMENT_TARGET = 13.2;
				LD_RUNPATH_SEARCH_PATHS = (
					"$(inherited)",
					"@executable_path/Frameworks",
					"@loader_path/Frameworks",
				);
				PRODUCT_BUNDLE_IDENTIFIER = com.ryanGadhi.quizapp.QuizAppTests;
				PRODUCT_NAME = "$(TARGET_NAME)";
				SWIFT_VERSION = 5.0;
				TARGETED_DEVICE_FAMILY = "1,2";
				TEST_HOST = "$(BUILT_PRODUCTS_DIR)/QuizApp.app/QuizApp";
			};
			name = Debug;
		};
		A9832F0C23E8CAEA00B6F669 /* Release */ = {
			isa = XCBuildConfiguration;
			buildSettings = {
				ALWAYS_EMBED_SWIFT_STANDARD_LIBRARIES = YES;
				BUNDLE_LOADER = "$(TEST_HOST)";
				CODE_SIGN_STYLE = Automatic;
				DEVELOPMENT_TEAM = U7GKQ6GSRY;
				INFOPLIST_FILE = QuizAppTests/Info.plist;
				IPHONEOS_DEPLOYMENT_TARGET = 13.2;
				LD_RUNPATH_SEARCH_PATHS = (
					"$(inherited)",
					"@executable_path/Frameworks",
					"@loader_path/Frameworks",
				);
				PRODUCT_BUNDLE_IDENTIFIER = com.ryanGadhi.quizapp.QuizAppTests;
				PRODUCT_NAME = "$(TARGET_NAME)";
				SWIFT_VERSION = 5.0;
				TARGETED_DEVICE_FAMILY = "1,2";
				TEST_HOST = "$(BUILT_PRODUCTS_DIR)/QuizApp.app/QuizApp";
			};
			name = Release;
		};
		A9832F0E23E8CAEA00B6F669 /* Debug */ = {
			isa = XCBuildConfiguration;
			buildSettings = {
				ALWAYS_EMBED_SWIFT_STANDARD_LIBRARIES = YES;
				CODE_SIGN_STYLE = Automatic;
				DEVELOPMENT_TEAM = U7GKQ6GSRY;
				INFOPLIST_FILE = QuizAppUITests/Info.plist;
				LD_RUNPATH_SEARCH_PATHS = (
					"$(inherited)",
					"@executable_path/Frameworks",
					"@loader_path/Frameworks",
				);
				PRODUCT_BUNDLE_IDENTIFIER = com.ryanGadhi.quizapp.QuizAppUITests;
				PRODUCT_NAME = "$(TARGET_NAME)";
				SWIFT_VERSION = 5.0;
				TARGETED_DEVICE_FAMILY = "1,2";
				TEST_TARGET_NAME = QuizApp;
			};
			name = Debug;
		};
		A9832F0F23E8CAEA00B6F669 /* Release */ = {
			isa = XCBuildConfiguration;
			buildSettings = {
				ALWAYS_EMBED_SWIFT_STANDARD_LIBRARIES = YES;
				CODE_SIGN_STYLE = Automatic;
				DEVELOPMENT_TEAM = U7GKQ6GSRY;
				INFOPLIST_FILE = QuizAppUITests/Info.plist;
				LD_RUNPATH_SEARCH_PATHS = (
					"$(inherited)",
					"@executable_path/Frameworks",
					"@loader_path/Frameworks",
				);
				PRODUCT_BUNDLE_IDENTIFIER = com.ryanGadhi.quizapp.QuizAppUITests;
				PRODUCT_NAME = "$(TARGET_NAME)";
				SWIFT_VERSION = 5.0;
				TARGETED_DEVICE_FAMILY = "1,2";
				TEST_TARGET_NAME = QuizApp;
			};
			name = Release;
		};
/* End XCBuildConfiguration section */

/* Begin XCConfigurationList section */
		A9832ED823E8CAE800B6F669 /* Build configuration list for PBXProject "QuizApp" */ = {
			isa = XCConfigurationList;
			buildConfigurations = (
				A9832F0523E8CAEA00B6F669 /* Debug */,
				A9832F0623E8CAEA00B6F669 /* Release */,
			);
			defaultConfigurationIsVisible = 0;
			defaultConfigurationName = Release;
		};
		A9832F0723E8CAEA00B6F669 /* Build configuration list for PBXNativeTarget "QuizApp" */ = {
			isa = XCConfigurationList;
			buildConfigurations = (
				A9832F0823E8CAEA00B6F669 /* Debug */,
				A9832F0923E8CAEA00B6F669 /* Release */,
			);
			defaultConfigurationIsVisible = 0;
			defaultConfigurationName = Release;
		};
		A9832F0A23E8CAEA00B6F669 /* Build configuration list for PBXNativeTarget "QuizAppTests" */ = {
			isa = XCConfigurationList;
			buildConfigurations = (
				A9832F0B23E8CAEA00B6F669 /* Debug */,
				A9832F0C23E8CAEA00B6F669 /* Release */,
			);
			defaultConfigurationIsVisible = 0;
			defaultConfigurationName = Release;
		};
		A9832F0D23E8CAEA00B6F669 /* Build configuration list for PBXNativeTarget "QuizAppUITests" */ = {
			isa = XCConfigurationList;
			buildConfigurations = (
				A9832F0E23E8CAEA00B6F669 /* Debug */,
				A9832F0F23E8CAEA00B6F669 /* Release */,
			);
			defaultConfigurationIsVisible = 0;
			defaultConfigurationName = Release;
		};
/* End XCConfigurationList section */
	};
	rootObject = A9832ED523E8CAE800B6F669 /* Project object */;
}
